
Microsoft Visual Studio Solution File, Format Version 12.00
# Visual Studio 15
VisualStudioVersion = 15.0.28307.1500
MinimumVisualStudioVersion = 10.0.40219.1
Project("{FAE04EC0-301F-11D3-BF4B-00C04F79EFBC}") = "Heranca_2_Orient}_Objeto", "Heranca_2_Orient}_Objeto\Heranca_2_Orient}_Objeto.csproj", "{8E8486F5-6893-4029-B234-2045AB00DC47}"
EndProject
Global
	GlobalSection(SolutionConfigurationPlatforms) = preSolution
		Debug|Any CPU = Debug|Any CPU
		Release|Any CPU = Release|Any CPU
	EndGlobalSection
	GlobalSection(ProjectConfigurationPlatforms) = postSolution
		{8E8486F5-6893-4029-B234-2045AB00DC47}.Debug|Any CPU.ActiveCfg = Debug|Any CPU
		{8E8486F5-6893-4029-B234-2045AB00DC47}.Debug|Any CPU.Build.0 = Debug|Any CPU
		{8E8486F5-6893-4029-B234-2045AB00DC47}.Release|Any CPU.ActiveCfg = Release|Any CPU
		{8E8486F5-6893-4029-B234-2045AB00DC47}.Release|Any CPU.Build.0 = Release|Any CPU
	EndGlobalSection
	GlobalSection(SolutionProperties) = preSolution
		HideSolutionNode = FALSE
	EndGlobalSection
	GlobalSection(ExtensibilityGlobals) = postSolution
		SolutionGuid = {731EBA34-F64A-43A1-BD08-34980FC92648}
	EndGlobalSection
EndGlobal
